
Microsoft Visual Studio Solution File, Format Version 12.00
# Visual Studio Version 17
VisualStudioVersion = 17.1.32319.34
MinimumVisualStudioVersion = 10.0.40219.1
Project("{FAE04EC0-301F-11D3-BF4B-00C04F79EFBC}") = "RetroStoreEsc", "RetroStoreEsc\RetroStoreEsc.csproj", "{B864A80C-4AB0-4611-A569-739FBE1C3BC2}"
EndProject
Global
	GlobalSection(SolutionConfigurationPlatforms) = preSolution
		Debug|Any CPU = Debug|Any CPU
		Release|Any CPU = Release|Any CPU
	EndGlobalSection
	GlobalSection(ProjectConfigurationPlatforms) = postSolution
		{B864A80C-4AB0-4611-A569-739FBE1C3BC2}.Debug|Any CPU.ActiveCfg = Debug|Any CPU
		{B864A80C-4AB0-4611-A569-739FBE1C3BC2}.Debug|Any CPU.Build.0 = Debug|Any CPU
		{B864A80C-4AB0-4611-A569-739FBE1C3BC2}.Release|Any CPU.ActiveCfg = Release|Any CPU
		{B864A80C-4AB0-4611-A569-739FBE1C3BC2}.Release|Any CPU.Build.0 = Release|Any CPU
	EndGlobalSection
	GlobalSection(SolutionProperties) = preSolution
		HideSolutionNode = FALSE
	EndGlobalSection
	GlobalSection(ExtensibilityGlobals) = postSolution
		SolutionGuid = {295A867D-BA97-4BC7-9D3E-769FF3817D2D}
	EndGlobalSection
EndGlobal
